// !$*UTF8*$!
{
	archiveVersion = 1;
	classes = {
	};
	objectVersion = 55;
	objects = {

/* Begin PBXBuildFile section */
		3A0D11A427B343C4000467DB /* MainMenuViewController.swift in Sources */ = {isa = PBXBuildFile; fileRef = 3A0D11A327B343C4000467DB /* MainMenuViewController.swift */; };
		3A78303827B48879002B101E /* TutorialViewController.swift in Sources */ = {isa = PBXBuildFile; fileRef = 3A78303727B48879002B101E /* TutorialViewController.swift */; };
		4C2C86D827B552AE00E150BC /* RoundedButton.swift in Sources */ = {isa = PBXBuildFile; fileRef = 4C2C86D727B552AE00E150BC /* RoundedButton.swift */; };
		4C2E57AE27A769A400136B4B /* RenderComponent.swift in Sources */ = {isa = PBXBuildFile; fileRef = 4C2E57AD27A769A400136B4B /* RenderComponent.swift */; };
		4C2E57B027A76B9C00136B4B /* Player.swift in Sources */ = {isa = PBXBuildFile; fileRef = 4C2E57AF27A76B9C00136B4B /* Player.swift */; };
		4C2E57B227A76D6500136B4B /* Planet.swift in Sources */ = {isa = PBXBuildFile; fileRef = 4C2E57B127A76D6500136B4B /* Planet.swift */; };
		4C2E57B427A76E1E00136B4B /* MovementComponent.swift in Sources */ = {isa = PBXBuildFile; fileRef = 4C2E57B327A76E1E00136B4B /* MovementComponent.swift */; };
		4C41CDEA27AD549900057151 /* AsteroidBelt.swift in Sources */ = {isa = PBXBuildFile; fileRef = 4C41CDE927AD549900057151 /* AsteroidBelt.swift */; };
		4C41CDEE27AD5C7F00057151 /* GameSceneActiveState.swift in Sources */ = {isa = PBXBuildFile; fileRef = 4C41CDED27AD5C7F00057151 /* GameSceneActiveState.swift */; };
		4C41CDF027AD5D0B00057151 /* GameScenePauseState.swift in Sources */ = {isa = PBXBuildFile; fileRef = 4C41CDEF27AD5D0B00057151 /* GameScenePauseState.swift */; };
		4C41CDF327AD676A00057151 /* aldotheapache.ttf in Resources */ = {isa = PBXBuildFile; fileRef = 4C41CDF227AD676A00057151 /* aldotheapache.ttf */; };
		4C57300727ABF24D000407B2 /* OrbitalComponent.swift in Sources */ = {isa = PBXBuildFile; fileRef = 4C57300627ABF24D000407B2 /* OrbitalComponent.swift */; };
		4C57300927ABF74D000407B2 /* PhysicsComponent.swift in Sources */ = {isa = PBXBuildFile; fileRef = 4C57300827ABF74D000407B2 /* PhysicsComponent.swift */; };
		4C57300C27ABF7C1000407B2 /* ColliderType.swift in Sources */ = {isa = PBXBuildFile; fileRef = 4C57300B27ABF7C1000407B2 /* ColliderType.swift */; };
		4C57300E27ABFB8D000407B2 /* ContactNotifiableType.swift in Sources */ = {isa = PBXBuildFile; fileRef = 4C57300D27ABFB8D000407B2 /* ContactNotifiableType.swift */; };
		4C57301027AC0056000407B2 /* GravitationalComponent.swift in Sources */ = {isa = PBXBuildFile; fileRef = 4C57300F27AC0056000407B2 /* GravitationalComponent.swift */; };
		4C62CED227AA33A900E1D2B2 /* WorldLayer.swift in Sources */ = {isa = PBXBuildFile; fileRef = 4C62CED127AA33A900E1D2B2 /* WorldLayer.swift */; };
		4C7D6B8D27A377880016C962 /* AppDelegate.swift in Sources */ = {isa = PBXBuildFile; fileRef = 4C7D6B8C27A377880016C962 /* AppDelegate.swift */; };
		4C7D6B9327A377880016C962 /* GameScene.swift in Sources */ = {isa = PBXBuildFile; fileRef = 4C7D6B9227A377880016C962 /* GameScene.swift */; };
		4C7D6B9527A377880016C962 /* GameViewController.swift in Sources */ = {isa = PBXBuildFile; fileRef = 4C7D6B9427A377880016C962 /* GameViewController.swift */; };
		4C7D6B9827A377880016C962 /* Main.storyboard in Resources */ = {isa = PBXBuildFile; fileRef = 4C7D6B9627A377880016C962 /* Main.storyboard */; };
		4C7D6B9A27A3778A0016C962 /* Assets.xcassets in Resources */ = {isa = PBXBuildFile; fileRef = 4C7D6B9927A3778A0016C962 /* Assets.xcassets */; };
		4C7D6B9D27A3778A0016C962 /* LaunchScreen.storyboard in Resources */ = {isa = PBXBuildFile; fileRef = 4C7D6B9B27A3778A0016C962 /* LaunchScreen.storyboard */; };
		4C9746AF27A95E5D00679315 /* GameplayConfiguration.swift in Sources */ = {isa = PBXBuildFile; fileRef = 4C9746AE27A95E5D00679315 /* GameplayConfiguration.swift */; };
		4C996CE327B3E4CD00C88725 /* GameSceneOverlayState.swift in Sources */ = {isa = PBXBuildFile; fileRef = 4C996CE227B3E4CD00C88725 /* GameSceneOverlayState.swift */; };
		4C996CE527B3EE5300C88725 /* GameSceneGameOverState.swift in Sources */ = {isa = PBXBuildFile; fileRef = 4C996CE427B3EE5300C88725 /* GameSceneGameOverState.swift */; };
		4C996CEB27B40DEB00C88725 /* MyBokeh.sks in Resources */ = {isa = PBXBuildFile; fileRef = 4C996CEA27B40DEB00C88725 /* MyBokeh.sks */; };
		4CD7826D27A809E700689BB8 /* CGPoint+.swift in Sources */ = {isa = PBXBuildFile; fileRef = 4CD7826C27A809E700689BB8 /* CGPoint+.swift */; };
		4CD7826F27A80A8E00689BB8 /* SIMD2+.swift in Sources */ = {isa = PBXBuildFile; fileRef = 4CD7826E27A80A8E00689BB8 /* SIMD2+.swift */; };
		4CD7827127A81EF700689BB8 /* EntityCoordinator.swift in Sources */ = {isa = PBXBuildFile; fileRef = 4CD7827027A81EF700689BB8 /* EntityCoordinator.swift */; };
		4CE37F9927B4B0C3009EA7E6 /* Assets.swift in Sources */ = {isa = PBXBuildFile; fileRef = 4CE37F9627B4B0C3009EA7E6 /* Assets.swift */; };
		4CE37F9A27B4B0C3009EA7E6 /* Strings.swift in Sources */ = {isa = PBXBuildFile; fileRef = 4CE37F9727B4B0C3009EA7E6 /* Strings.swift */; };
		4CE37F9B27B4B0C3009EA7E6 /* Fonts.swift in Sources */ = {isa = PBXBuildFile; fileRef = 4CE37F9827B4B0C3009EA7E6 /* Fonts.swift */; };
		DC6C5561403DC1424EFB3FFA /* Pods_OneMorePlanet.framework in Frameworks */ = {isa = PBXBuildFile; fileRef = A8C9EDB32E1D4A4DA50435BE /* Pods_OneMorePlanet.framework */; };
/* End PBXBuildFile section */

/* Begin PBXFileReference section */
		3A0D11A327B343C4000467DB /* MainMenuViewController.swift */ = {isa = PBXFileReference; lastKnownFileType = sourcecode.swift; path = MainMenuViewController.swift; sourceTree = "<group>"; };
		3A78303727B48879002B101E /* TutorialViewController.swift */ = {isa = PBXFileReference; lastKnownFileType = sourcecode.swift; path = TutorialViewController.swift; sourceTree = "<group>"; };
		491CF5EF4A2B847A3A0D6BD4 /* Pods-OneMorePlanet.release.xcconfig */ = {isa = PBXFileReference; includeInIndex = 1; lastKnownFileType = text.xcconfig; name = "Pods-OneMorePlanet.release.xcconfig"; path = "Target Support Files/Pods-OneMorePlanet/Pods-OneMorePlanet.release.xcconfig"; sourceTree = "<group>"; };
		4C2C86D727B552AE00E150BC /* RoundedButton.swift */ = {isa = PBXFileReference; fileEncoding = 4; lastKnownFileType = sourcecode.swift; path = RoundedButton.swift; sourceTree = "<group>"; };
		4C2E57AD27A769A400136B4B /* RenderComponent.swift */ = {isa = PBXFileReference; lastKnownFileType = sourcecode.swift; path = RenderComponent.swift; sourceTree = "<group>"; };
		4C2E57AF27A76B9C00136B4B /* Player.swift */ = {isa = PBXFileReference; lastKnownFileType = sourcecode.swift; path = Player.swift; sourceTree = "<group>"; };
		4C2E57B127A76D6500136B4B /* Planet.swift */ = {isa = PBXFileReference; lastKnownFileType = sourcecode.swift; path = Planet.swift; sourceTree = "<group>"; };
		4C2E57B327A76E1E00136B4B /* MovementComponent.swift */ = {isa = PBXFileReference; lastKnownFileType = sourcecode.swift; path = MovementComponent.swift; sourceTree = "<group>"; };
		4C41CDE927AD549900057151 /* AsteroidBelt.swift */ = {isa = PBXFileReference; lastKnownFileType = sourcecode.swift; path = AsteroidBelt.swift; sourceTree = "<group>"; };
		4C41CDED27AD5C7F00057151 /* GameSceneActiveState.swift */ = {isa = PBXFileReference; lastKnownFileType = sourcecode.swift; path = GameSceneActiveState.swift; sourceTree = "<group>"; };
		4C41CDEF27AD5D0B00057151 /* GameScenePauseState.swift */ = {isa = PBXFileReference; lastKnownFileType = sourcecode.swift; path = GameScenePauseState.swift; sourceTree = "<group>"; };
		4C41CDF227AD676A00057151 /* aldotheapache.ttf */ = {isa = PBXFileReference; lastKnownFileType = file; path = aldotheapache.ttf; sourceTree = "<group>"; };
		4C41CDF427AD67E800057151 /* Info.plist */ = {isa = PBXFileReference; lastKnownFileType = text.plist; path = Info.plist; sourceTree = "<group>"; };
		4C57300627ABF24D000407B2 /* OrbitalComponent.swift */ = {isa = PBXFileReference; lastKnownFileType = sourcecode.swift; path = OrbitalComponent.swift; sourceTree = "<group>"; };
		4C57300827ABF74D000407B2 /* PhysicsComponent.swift */ = {isa = PBXFileReference; lastKnownFileType = sourcecode.swift; path = PhysicsComponent.swift; sourceTree = "<group>"; };
		4C57300B27ABF7C1000407B2 /* ColliderType.swift */ = {isa = PBXFileReference; lastKnownFileType = sourcecode.swift; path = ColliderType.swift; sourceTree = "<group>"; };
		4C57300D27ABFB8D000407B2 /* ContactNotifiableType.swift */ = {isa = PBXFileReference; lastKnownFileType = sourcecode.swift; path = ContactNotifiableType.swift; sourceTree = "<group>"; };
		4C57300F27AC0056000407B2 /* GravitationalComponent.swift */ = {isa = PBXFileReference; lastKnownFileType = sourcecode.swift; path = GravitationalComponent.swift; sourceTree = "<group>"; };
		4C62CED127AA33A900E1D2B2 /* WorldLayer.swift */ = {isa = PBXFileReference; lastKnownFileType = sourcecode.swift; path = WorldLayer.swift; sourceTree = "<group>"; };
		4C7D6B8927A377880016C962 /* One More Planet.app */ = {isa = PBXFileReference; explicitFileType = wrapper.application; includeInIndex = 0; path = "One More Planet.app"; sourceTree = BUILT_PRODUCTS_DIR; };
		4C7D6B8C27A377880016C962 /* AppDelegate.swift */ = {isa = PBXFileReference; lastKnownFileType = sourcecode.swift; path = AppDelegate.swift; sourceTree = "<group>"; };
		4C7D6B9227A377880016C962 /* GameScene.swift */ = {isa = PBXFileReference; lastKnownFileType = sourcecode.swift; path = GameScene.swift; sourceTree = "<group>"; };
		4C7D6B9427A377880016C962 /* GameViewController.swift */ = {isa = PBXFileReference; lastKnownFileType = sourcecode.swift; path = GameViewController.swift; sourceTree = "<group>"; };
		4C7D6B9727A377880016C962 /* Base */ = {isa = PBXFileReference; lastKnownFileType = file.storyboard; name = Base; path = Base.lproj/Main.storyboard; sourceTree = "<group>"; };
		4C7D6B9927A3778A0016C962 /* Assets.xcassets */ = {isa = PBXFileReference; lastKnownFileType = folder.assetcatalog; path = Assets.xcassets; sourceTree = "<group>"; };
		4C7D6B9C27A3778A0016C962 /* Base */ = {isa = PBXFileReference; lastKnownFileType = file.storyboard; name = Base; path = Base.lproj/LaunchScreen.storyboard; sourceTree = "<group>"; };
		4C9746AE27A95E5D00679315 /* GameplayConfiguration.swift */ = {isa = PBXFileReference; lastKnownFileType = sourcecode.swift; path = GameplayConfiguration.swift; sourceTree = "<group>"; };
		4C996CE227B3E4CD00C88725 /* GameSceneOverlayState.swift */ = {isa = PBXFileReference; lastKnownFileType = sourcecode.swift; path = GameSceneOverlayState.swift; sourceTree = "<group>"; };
		4C996CE427B3EE5300C88725 /* GameSceneGameOverState.swift */ = {isa = PBXFileReference; lastKnownFileType = sourcecode.swift; path = GameSceneGameOverState.swift; sourceTree = "<group>"; };
		4C996CEA27B40DEB00C88725 /* MyBokeh.sks */ = {isa = PBXFileReference; lastKnownFileType = file.sks; path = MyBokeh.sks; sourceTree = "<group>"; };
		4CD7826C27A809E700689BB8 /* CGPoint+.swift */ = {isa = PBXFileReference; lastKnownFileType = sourcecode.swift; path = "CGPoint+.swift"; sourceTree = "<group>"; };
		4CD7826E27A80A8E00689BB8 /* SIMD2+.swift */ = {isa = PBXFileReference; lastKnownFileType = sourcecode.swift; path = "SIMD2+.swift"; sourceTree = "<group>"; };
		4CD7827027A81EF700689BB8 /* EntityCoordinator.swift */ = {isa = PBXFileReference; lastKnownFileType = sourcecode.swift; path = EntityCoordinator.swift; sourceTree = "<group>"; };
		4CE37F9627B4B0C3009EA7E6 /* Assets.swift */ = {isa = PBXFileReference; fileEncoding = 4; lastKnownFileType = sourcecode.swift; path = Assets.swift; sourceTree = "<group>"; };
		4CE37F9727B4B0C3009EA7E6 /* Strings.swift */ = {isa = PBXFileReference; fileEncoding = 4; lastKnownFileType = sourcecode.swift; path = Strings.swift; sourceTree = "<group>"; };
		4CE37F9827B4B0C3009EA7E6 /* Fonts.swift */ = {isa = PBXFileReference; fileEncoding = 4; lastKnownFileType = sourcecode.swift; path = Fonts.swift; sourceTree = "<group>"; };
		A8C9EDB32E1D4A4DA50435BE /* Pods_OneMorePlanet.framework */ = {isa = PBXFileReference; explicitFileType = wrapper.framework; includeInIndex = 0; path = Pods_OneMorePlanet.framework; sourceTree = BUILT_PRODUCTS_DIR; };
		DA24520B4CD22E0C227C85CE /* Pods-OneMorePlanet.debug.xcconfig */ = {isa = PBXFileReference; includeInIndex = 1; lastKnownFileType = text.xcconfig; name = "Pods-OneMorePlanet.debug.xcconfig"; path = "Target Support Files/Pods-OneMorePlanet/Pods-OneMorePlanet.debug.xcconfig"; sourceTree = "<group>"; };
/* End PBXFileReference section */

/* Begin PBXFrameworksBuildPhase section */
		4C7D6B8627A377880016C962 /* Frameworks */ = {
			isa = PBXFrameworksBuildPhase;
			buildActionMask = 2147483647;
			files = (
				DC6C5561403DC1424EFB3FFA /* Pods_OneMorePlanet.framework in Frameworks */,
			);
			runOnlyForDeploymentPostprocessing = 0;
		};
/* End PBXFrameworksBuildPhase section */

/* Begin PBXGroup section */
		303DBC442992FC8B283876AE /* Pods */ = {
			isa = PBXGroup;
			children = (
				DA24520B4CD22E0C227C85CE /* Pods-OneMorePlanet.debug.xcconfig */,
				491CF5EF4A2B847A3A0D6BD4 /* Pods-OneMorePlanet.release.xcconfig */,
			);
			path = Pods;
			sourceTree = "<group>";
		};
		3594AD0C228CB1226CB30086 /* Frameworks */ = {
			isa = PBXGroup;
			children = (
				A8C9EDB32E1D4A4DA50435BE /* Pods_OneMorePlanet.framework */,
			);
			name = Frameworks;
			sourceTree = "<group>";
		};
		3A0D11A227B342B3000467DB /* Menu */ = {
			isa = PBXGroup;
			children = (
				3A0D11A327B343C4000467DB /* MainMenuViewController.swift */,
				4C2C86D627B54C4B00E150BC /* Components */,
				3A78303727B48879002B101E /* TutorialViewController.swift */,
			);
			path = Menu;
			sourceTree = "<group>";
		};
		4C2C86D627B54C4B00E150BC /* Components */ = {
			isa = PBXGroup;
			children = (
				4C2C86D727B552AE00E150BC /* RoundedButton.swift */,
			);
			path = Components;
			sourceTree = "<group>";
		};
		4C2E57A627A7574600136B4B /* Sources */ = {
			isa = PBXGroup;
			children = (
				4CD7826B27A809D000689BB8 /* Extensions */,
				4C2E57A927A7579100136B4B /* Game */,
				4C2E57A827A7578B00136B4B /* iOS */,
			);
			path = Sources;
			sourceTree = "<group>";
		};
		4C2E57A727A7574C00136B4B /* Resources */ = {
			isa = PBXGroup;
			children = (
				4C996CEA27B40DEB00C88725 /* MyBokeh.sks */,
				4C84D4AD27B369AC00EF42EB /* Generated */,
				4C41CDF127AD674000057151 /* Fonts */,
				4C7D6B9927A3778A0016C962 /* Assets.xcassets */,
			);
			path = Resources;
			sourceTree = "<group>";
		};
		4C2E57A827A7578B00136B4B /* iOS */ = {
			isa = PBXGroup;
			children = (
				4C7D6B9B27A3778A0016C962 /* LaunchScreen.storyboard */,
				4C7D6B9627A377880016C962 /* Main.storyboard */,
				4C7D6B8C27A377880016C962 /* AppDelegate.swift */,
			);
			path = iOS;
			sourceTree = "<group>";
		};
		4C2E57A927A7579100136B4B /* Game */ = {
			isa = PBXGroup;
			children = (
				4C57300A27ABF79C000407B2 /* Physics */,
				4C62CED027AA302900E1D2B2 /* Helpers */,
				4C9746B027A960D900679315 /* Scenes */,
				4C2E57AC27A75FCC00136B4B /* Components */,
				4C2E57AB27A75FC700136B4B /* Entities */,
			);
			path = Game;
			sourceTree = "<group>";
		};
		4C2E57AB27A75FC700136B4B /* Entities */ = {
			isa = PBXGroup;
			children = (
				4C2E57AF27A76B9C00136B4B /* Player.swift */,
				4C2E57B127A76D6500136B4B /* Planet.swift */,
				4C41CDE927AD549900057151 /* AsteroidBelt.swift */,
			);
			path = Entities;
			sourceTree = "<group>";
		};
		4C2E57AC27A75FCC00136B4B /* Components */ = {
			isa = PBXGroup;
			children = (
				4C2E57AD27A769A400136B4B /* RenderComponent.swift */,
				4C2E57B327A76E1E00136B4B /* MovementComponent.swift */,
				4C57300627ABF24D000407B2 /* OrbitalComponent.swift */,
				4C57300827ABF74D000407B2 /* PhysicsComponent.swift */,
				4C57300F27AC0056000407B2 /* GravitationalComponent.swift */,
			);
			path = Components;
			sourceTree = "<group>";
		};
		4C41CDEB27AD5C5900057151 /* Game */ = {
			isa = PBXGroup;
			children = (
				4C7D6B9427A377880016C962 /* GameViewController.swift */,
				4C41CDEC27AD5C6200057151 /* States */,
				4C7D6B9227A377880016C962 /* GameScene.swift */,
				4C62CED127AA33A900E1D2B2 /* WorldLayer.swift */,
			);
			path = Game;
			sourceTree = "<group>";
		};
		4C41CDEC27AD5C6200057151 /* States */ = {
			isa = PBXGroup;
			children = (
				4C41CDED27AD5C7F00057151 /* GameSceneActiveState.swift */,
				4C41CDEF27AD5D0B00057151 /* GameScenePauseState.swift */,
				4C996CE227B3E4CD00C88725 /* GameSceneOverlayState.swift */,
				4C996CE427B3EE5300C88725 /* GameSceneGameOverState.swift */,
			);
			path = States;
			sourceTree = "<group>";
		};
		4C41CDF127AD674000057151 /* Fonts */ = {
			isa = PBXGroup;
			children = (
				4C41CDF227AD676A00057151 /* aldotheapache.ttf */,
			);
			path = Fonts;
			sourceTree = "<group>";
		};
		4C57300A27ABF79C000407B2 /* Physics */ = {
			isa = PBXGroup;
			children = (
				4C57300B27ABF7C1000407B2 /* ColliderType.swift */,
				4C57300D27ABFB8D000407B2 /* ContactNotifiableType.swift */,
			);
			path = Physics;
			sourceTree = "<group>";
		};
		4C62CED027AA302900E1D2B2 /* Helpers */ = {
			isa = PBXGroup;
			children = (
				4CD7827027A81EF700689BB8 /* EntityCoordinator.swift */,
				4C9746AE27A95E5D00679315 /* GameplayConfiguration.swift */,
			);
			path = Helpers;
			sourceTree = "<group>";
		};
		4C7D6B8027A377880016C962 = {
			isa = PBXGroup;
			children = (
				4C7D6B8B27A377880016C962 /* OneMorePlanet */,
				4C7D6B8A27A377880016C962 /* Products */,
				303DBC442992FC8B283876AE /* Pods */,
				3594AD0C228CB1226CB30086 /* Frameworks */,
			);
			sourceTree = "<group>";
		};
		4C7D6B8A27A377880016C962 /* Products */ = {
			isa = PBXGroup;
			children = (
				4C7D6B8927A377880016C962 /* One More Planet.app */,
			);
			name = Products;
			sourceTree = "<group>";
		};
		4C7D6B8B27A377880016C962 /* OneMorePlanet */ = {
			isa = PBXGroup;
			children = (
				4C41CDF427AD67E800057151 /* Info.plist */,
				4C2E57A727A7574C00136B4B /* Resources */,
				4C2E57A627A7574600136B4B /* Sources */,
			);
			path = OneMorePlanet;
			sourceTree = "<group>";
		};
		4C84D4AD27B369AC00EF42EB /* Generated */ = {
			isa = PBXGroup;
			children = (
				4CE37F9627B4B0C3009EA7E6 /* Assets.swift */,
				4CE37F9827B4B0C3009EA7E6 /* Fonts.swift */,
				4CE37F9727B4B0C3009EA7E6 /* Strings.swift */,
			);
			path = Generated;
			sourceTree = "<group>";
		};
		4C9746B027A960D900679315 /* Scenes */ = {
			isa = PBXGroup;
			children = (
				3A0D11A227B342B3000467DB /* Menu */,
				4C41CDEB27AD5C5900057151 /* Game */,
			);
			path = Scenes;
			sourceTree = "<group>";
		};
		4CD7826B27A809D000689BB8 /* Extensions */ = {
			isa = PBXGroup;
			children = (
				4CD7826C27A809E700689BB8 /* CGPoint+.swift */,
				4CD7826E27A80A8E00689BB8 /* SIMD2+.swift */,
			);
			path = Extensions;
			sourceTree = "<group>";
		};
/* End PBXGroup section */

/* Begin PBXNativeTarget section */
		4C7D6B8827A377880016C962 /* OneMorePlanet */ = {
			isa = PBXNativeTarget;
			buildConfigurationList = 4C7D6BA027A3778A0016C962 /* Build configuration list for PBXNativeTarget "OneMorePlanet" */;
			buildPhases = (
				C7976B7AEEAE6F938C051FAE /* [CP] Check Pods Manifest.lock */,
				4CB7206227B2AFA2008A29F1 /* SwiftLint */,
				4CB7206327B2AFD7008A29F1 /* SwiftGen */,
				4C7D6B8527A377880016C962 /* Sources */,
				4C7D6B8627A377880016C962 /* Frameworks */,
				4C7D6B8727A377880016C962 /* Resources */,
				97FC90C738411F7ABE90FD7A /* [CP] Embed Pods Frameworks */,
			);
			buildRules = (
			);
			dependencies = (
			);
			name = OneMorePlanet;
			productName = OneMorePlanet;
			productReference = 4C7D6B8927A377880016C962 /* One More Planet.app */;
			productType = "com.apple.product-type.application";
		};
/* End PBXNativeTarget section */

/* Begin PBXProject section */
		4C7D6B8127A377880016C962 /* Project object */ = {
			isa = PBXProject;
			attributes = {
				BuildIndependentTargetsInParallel = 1;
				LastSwiftUpdateCheck = 1320;
				LastUpgradeCheck = 1320;
				TargetAttributes = {
					4C7D6B8827A377880016C962 = {
						CreatedOnToolsVersion = 13.2.1;
					};
				};
			};
			buildConfigurationList = 4C7D6B8427A377880016C962 /* Build configuration list for PBXProject "OneMorePlanet" */;
			compatibilityVersion = "Xcode 13.0";
			developmentRegion = en;
			hasScannedForEncodings = 0;
			knownRegions = (
				en,
				Base,
			);
			mainGroup = 4C7D6B8027A377880016C962;
			productRefGroup = 4C7D6B8A27A377880016C962 /* Products */;
			projectDirPath = "";
			projectRoot = "";
			targets = (
				4C7D6B8827A377880016C962 /* OneMorePlanet */,
			);
		};
/* End PBXProject section */

/* Begin PBXResourcesBuildPhase section */
		4C7D6B8727A377880016C962 /* Resources */ = {
			isa = PBXResourcesBuildPhase;
			buildActionMask = 2147483647;
			files = (
				4C7D6B9827A377880016C962 /* Main.storyboard in Resources */,
				4C7D6B9A27A3778A0016C962 /* Assets.xcassets in Resources */,
				4C996CEB27B40DEB00C88725 /* MyBokeh.sks in Resources */,
				4C41CDF327AD676A00057151 /* aldotheapache.ttf in Resources */,
				4C7D6B9D27A3778A0016C962 /* LaunchScreen.storyboard in Resources */,
			);
			runOnlyForDeploymentPostprocessing = 0;
		};
/* End PBXResourcesBuildPhase section */

/* Begin PBXShellScriptBuildPhase section */
		4CB7206227B2AFA2008A29F1 /* SwiftLint */ = {
			isa = PBXShellScriptBuildPhase;
			buildActionMask = 2147483647;
			files = (
			);
			inputFileListPaths = (
			);
			inputPaths = (
			);
			name = SwiftLint;
			outputFileListPaths = (
			);
			outputPaths = (
			);
			runOnlyForDeploymentPostprocessing = 0;
			shellPath = /bin/sh;
			shellScript = "\"${PODS_ROOT}/SwiftLint/swiftlint\" --config config/swiftlint.yml\n\n";
		};
		4CB7206327B2AFD7008A29F1 /* SwiftGen */ = {
			isa = PBXShellScriptBuildPhase;
			buildActionMask = 2147483647;
			files = (
			);
			inputFileListPaths = (
			);
			inputPaths = (
			);
			name = SwiftGen;
			outputFileListPaths = (
			);
			outputPaths = (
			);
			runOnlyForDeploymentPostprocessing = 0;
			shellPath = /bin/sh;
			shellScript = "\"${PODS_ROOT}/SwiftGen/bin/swiftgen\" config run --config config/swiftgen.yml\n";
		};
		97FC90C738411F7ABE90FD7A /* [CP] Embed Pods Frameworks */ = {
			isa = PBXShellScriptBuildPhase;
			buildActionMask = 2147483647;
			files = (
			);
			inputFileListPaths = (
				"${PODS_ROOT}/Target Support Files/Pods-OneMorePlanet/Pods-OneMorePlanet-frameworks-${CONFIGURATION}-input-files.xcfilelist",
			);
			name = "[CP] Embed Pods Frameworks";
			outputFileListPaths = (
				"${PODS_ROOT}/Target Support Files/Pods-OneMorePlanet/Pods-OneMorePlanet-frameworks-${CONFIGURATION}-output-files.xcfilelist",
			);
			runOnlyForDeploymentPostprocessing = 0;
			shellPath = /bin/sh;
			shellScript = "\"${PODS_ROOT}/Target Support Files/Pods-OneMorePlanet/Pods-OneMorePlanet-frameworks.sh\"\n";
			showEnvVarsInLog = 0;
		};
		C7976B7AEEAE6F938C051FAE /* [CP] Check Pods Manifest.lock */ = {
			isa = PBXShellScriptBuildPhase;
			buildActionMask = 2147483647;
			files = (
			);
			inputFileListPaths = (
			);
			inputPaths = (
				"${PODS_PODFILE_DIR_PATH}/Podfile.lock",
				"${PODS_ROOT}/Manifest.lock",
			);
			name = "[CP] Check Pods Manifest.lock";
			outputFileListPaths = (
			);
			outputPaths = (
				"$(DERIVED_FILE_DIR)/Pods-OneMorePlanet-checkManifestLockResult.txt",
			);
			runOnlyForDeploymentPostprocessing = 0;
			shellPath = /bin/sh;
			shellScript = "diff \"${PODS_PODFILE_DIR_PATH}/Podfile.lock\" \"${PODS_ROOT}/Manifest.lock\" > /dev/null\nif [ $? != 0 ] ; then\n    # print error to STDERR\n    echo \"error: The sandbox is not in sync with the Podfile.lock. Run 'pod install' or update your CocoaPods installation.\" >&2\n    exit 1\nfi\n# This output is used by Xcode 'outputs' to avoid re-running this script phase.\necho \"SUCCESS\" > \"${SCRIPT_OUTPUT_FILE_0}\"\n";
			showEnvVarsInLog = 0;
		};
/* End PBXShellScriptBuildPhase section */

/* Begin PBXSourcesBuildPhase section */
		4C7D6B8527A377880016C962 /* Sources */ = {
			isa = PBXSourcesBuildPhase;
			buildActionMask = 2147483647;
			files = (
				4C7D6B9327A377880016C962 /* GameScene.swift in Sources */,
				4CE37F9927B4B0C3009EA7E6 /* Assets.swift in Sources */,
				4C57301027AC0056000407B2 /* GravitationalComponent.swift in Sources */,
				4C57300E27ABFB8D000407B2 /* ContactNotifiableType.swift in Sources */,
				4C2E57B427A76E1E00136B4B /* MovementComponent.swift in Sources */,
				4C7D6B9527A377880016C962 /* GameViewController.swift in Sources */,
				4CE37F9B27B4B0C3009EA7E6 /* Fonts.swift in Sources */,
				4CD7827127A81EF700689BB8 /* EntityCoordinator.swift in Sources */,
				4C62CED227AA33A900E1D2B2 /* WorldLayer.swift in Sources */,
				4C57300727ABF24D000407B2 /* OrbitalComponent.swift in Sources */,
				4C7D6B8D27A377880016C962 /* AppDelegate.swift in Sources */,
				4CE37F9A27B4B0C3009EA7E6 /* Strings.swift in Sources */,
				3A78303827B48879002B101E /* TutorialViewController.swift in Sources */,
				4C41CDF027AD5D0B00057151 /* GameScenePauseState.swift in Sources */,
				4C57300927ABF74D000407B2 /* PhysicsComponent.swift in Sources */,
				4C9746AF27A95E5D00679315 /* GameplayConfiguration.swift in Sources */,
				4CD7826D27A809E700689BB8 /* CGPoint+.swift in Sources */,
				3A0D11A427B343C4000467DB /* MainMenuViewController.swift in Sources */,
				4CD7826F27A80A8E00689BB8 /* SIMD2+.swift in Sources */,
				4C41CDEE27AD5C7F00057151 /* GameSceneActiveState.swift in Sources */,
				4C2E57B227A76D6500136B4B /* Planet.swift in Sources */,
				4C41CDEA27AD549900057151 /* AsteroidBelt.swift in Sources */,
				4C996CE527B3EE5300C88725 /* GameSceneGameOverState.swift in Sources */,
				4C57300C27ABF7C1000407B2 /* ColliderType.swift in Sources */,
				4C2E57B027A76B9C00136B4B /* Player.swift in Sources */,
				4C2E57AE27A769A400136B4B /* RenderComponent.swift in Sources */,
				4C2C86D827B552AE00E150BC /* RoundedButton.swift in Sources */,
				4C996CE327B3E4CD00C88725 /* GameSceneOverlayState.swift in Sources */,
			);
			runOnlyForDeploymentPostprocessing = 0;
		};
/* End PBXSourcesBuildPhase section */

/* Begin PBXVariantGroup section */
		4C7D6B9627A377880016C962 /* Main.storyboard */ = {
			isa = PBXVariantGroup;
			children = (
				4C7D6B9727A377880016C962 /* Base */,
			);
			name = Main.storyboard;
			sourceTree = "<group>";
		};
		4C7D6B9B27A3778A0016C962 /* LaunchScreen.storyboard */ = {
			isa = PBXVariantGroup;
			children = (
				4C7D6B9C27A3778A0016C962 /* Base */,
			);
			name = LaunchScreen.storyboard;
			sourceTree = "<group>";
		};
/* End PBXVariantGroup section */

/* Begin XCBuildConfiguration section */
		4C7D6B9E27A3778A0016C962 /* Debug */ = {
			isa = XCBuildConfiguration;
			buildSettings = {
				ALWAYS_SEARCH_USER_PATHS = NO;
				CLANG_ANALYZER_NONNULL = YES;
				CLANG_ANALYZER_NUMBER_OBJECT_CONVERSION = YES_AGGRESSIVE;
				CLANG_CXX_LANGUAGE_STANDARD = "gnu++17";
				CLANG_CXX_LIBRARY = "libc++";
				CLANG_ENABLE_MODULES = YES;
				CLANG_ENABLE_OBJC_ARC = YES;
				CLANG_ENABLE_OBJC_WEAK = YES;
				CLANG_WARN_BLOCK_CAPTURE_AUTORELEASING = YES;
				CLANG_WARN_BOOL_CONVERSION = YES;
				CLANG_WARN_COMMA = YES;
				CLANG_WARN_CONSTANT_CONVERSION = YES;
				CLANG_WARN_DEPRECATED_OBJC_IMPLEMENTATIONS = YES;
				CLANG_WARN_DIRECT_OBJC_ISA_USAGE = YES_ERROR;
				CLANG_WARN_DOCUMENTATION_COMMENTS = YES;
				CLANG_WARN_EMPTY_BODY = YES;
				CLANG_WARN_ENUM_CONVERSION = YES;
				CLANG_WARN_INFINITE_RECURSION = YES;
				CLANG_WARN_INT_CONVERSION = YES;
				CLANG_WARN_NON_LITERAL_NULL_CONVERSION = YES;
				CLANG_WARN_OBJC_IMPLICIT_RETAIN_SELF = YES;
				CLANG_WARN_OBJC_LITERAL_CONVERSION = YES;
				CLANG_WARN_OBJC_ROOT_CLASS = YES_ERROR;
				CLANG_WARN_QUOTED_INCLUDE_IN_FRAMEWORK_HEADER = YES;
				CLANG_WARN_RANGE_LOOP_ANALYSIS = YES;
				CLANG_WARN_STRICT_PROTOTYPES = YES;
				CLANG_WARN_SUSPICIOUS_MOVE = YES;
				CLANG_WARN_UNGUARDED_AVAILABILITY = YES_AGGRESSIVE;
				CLANG_WARN_UNREACHABLE_CODE = YES;
				CLANG_WARN__DUPLICATE_METHOD_MATCH = YES;
				COPY_PHASE_STRIP = NO;
				DEBUG_INFORMATION_FORMAT = dwarf;
				ENABLE_STRICT_OBJC_MSGSEND = YES;
				ENABLE_TESTABILITY = YES;
				GCC_C_LANGUAGE_STANDARD = gnu11;
				GCC_DYNAMIC_NO_PIC = NO;
				GCC_NO_COMMON_BLOCKS = YES;
				GCC_OPTIMIZATION_LEVEL = 0;
				GCC_PREPROCESSOR_DEFINITIONS = (
					"DEBUG=1",
					"$(inherited)",
				);
				GCC_WARN_64_TO_32_BIT_CONVERSION = YES;
				GCC_WARN_ABOUT_RETURN_TYPE = YES_ERROR;
				GCC_WARN_UNDECLARED_SELECTOR = YES;
				GCC_WARN_UNINITIALIZED_AUTOS = YES_AGGRESSIVE;
				GCC_WARN_UNUSED_FUNCTION = YES;
				GCC_WARN_UNUSED_VARIABLE = YES;
				IPHONEOS_DEPLOYMENT_TARGET = 13.0;
				MTL_ENABLE_DEBUG_INFO = INCLUDE_SOURCE;
				MTL_FAST_MATH = YES;
				ONLY_ACTIVE_ARCH = YES;
				SDKROOT = iphoneos;
				SWIFT_ACTIVE_COMPILATION_CONDITIONS = DEBUG;
				SWIFT_OPTIMIZATION_LEVEL = "-Onone";
			};
			name = Debug;
		};
		4C7D6B9F27A3778A0016C962 /* Release */ = {
			isa = XCBuildConfiguration;
			buildSettings = {
				ALWAYS_SEARCH_USER_PATHS = NO;
				CLANG_ANALYZER_NONNULL = YES;
				CLANG_ANALYZER_NUMBER_OBJECT_CONVERSION = YES_AGGRESSIVE;
				CLANG_CXX_LANGUAGE_STANDARD = "gnu++17";
				CLANG_CXX_LIBRARY = "libc++";
				CLANG_ENABLE_MODULES = YES;
				CLANG_ENABLE_OBJC_ARC = YES;
				CLANG_ENABLE_OBJC_WEAK = YES;
				CLANG_WARN_BLOCK_CAPTURE_AUTORELEASING = YES;
				CLANG_WARN_BOOL_CONVERSION = YES;
				CLANG_WARN_COMMA = YES;
				CLANG_WARN_CONSTANT_CONVERSION = YES;
				CLANG_WARN_DEPRECATED_OBJC_IMPLEMENTATIONS = YES;
				CLANG_WARN_DIRECT_OBJC_ISA_USAGE = YES_ERROR;
				CLANG_WARN_DOCUMENTATION_COMMENTS = YES;
				CLANG_WARN_EMPTY_BODY = YES;
				CLANG_WARN_ENUM_CONVERSION = YES;
				CLANG_WARN_INFINITE_RECURSION = YES;
				CLANG_WARN_INT_CONVERSION = YES;
				CLANG_WARN_NON_LITERAL_NULL_CONVERSION = YES;
				CLANG_WARN_OBJC_IMPLICIT_RETAIN_SELF = YES;
				CLANG_WARN_OBJC_LITERAL_CONVERSION = YES;
				CLANG_WARN_OBJC_ROOT_CLASS = YES_ERROR;
				CLANG_WARN_QUOTED_INCLUDE_IN_FRAMEWORK_HEADER = YES;
				CLANG_WARN_RANGE_LOOP_ANALYSIS = YES;
				CLANG_WARN_STRICT_PROTOTYPES = YES;
				CLANG_WARN_SUSPICIOUS_MOVE = YES;
				CLANG_WARN_UNGUARDED_AVAILABILITY = YES_AGGRESSIVE;
				CLANG_WARN_UNREACHABLE_CODE = YES;
				CLANG_WARN__DUPLICATE_METHOD_MATCH = YES;
				COPY_PHASE_STRIP = NO;
				DEBUG_INFORMATION_FORMAT = "dwarf-with-dsym";
				ENABLE_NS_ASSERTIONS = NO;
				ENABLE_STRICT_OBJC_MSGSEND = YES;
				GCC_C_LANGUAGE_STANDARD = gnu11;
				GCC_NO_COMMON_BLOCKS = YES;
				GCC_WARN_64_TO_32_BIT_CONVERSION = YES;
				GCC_WARN_ABOUT_RETURN_TYPE = YES_ERROR;
				GCC_WARN_UNDECLARED_SELECTOR = YES;
				GCC_WARN_UNINITIALIZED_AUTOS = YES_AGGRESSIVE;
				GCC_WARN_UNUSED_FUNCTION = YES;
				GCC_WARN_UNUSED_VARIABLE = YES;
				IPHONEOS_DEPLOYMENT_TARGET = 13.0;
				MTL_ENABLE_DEBUG_INFO = NO;
				MTL_FAST_MATH = YES;
				SDKROOT = iphoneos;
				SWIFT_COMPILATION_MODE = wholemodule;
				SWIFT_OPTIMIZATION_LEVEL = "-O";
				VALIDATE_PRODUCT = YES;
			};
			name = Release;
		};
		4C7D6BA127A3778A0016C962 /* Debug */ = {
			isa = XCBuildConfiguration;
			baseConfigurationReference = DA24520B4CD22E0C227C85CE /* Pods-OneMorePlanet.debug.xcconfig */;
			buildSettings = {
				ASSETCATALOG_COMPILER_APPICON_NAME = AppIcon;
				ASSETCATALOG_COMPILER_GLOBAL_ACCENT_COLOR_NAME = AccentColor;
				CODE_SIGN_STYLE = Automatic;
				CURRENT_PROJECT_VERSION = 1;
				DEVELOPMENT_TEAM = H7BM7N56V5;
				GENERATE_INFOPLIST_FILE = YES;
				INFOPLIST_FILE = OneMorePlanet/Info.plist;
				INFOPLIST_KEY_UIApplicationSupportsIndirectInputEvents = YES;
				INFOPLIST_KEY_UILaunchStoryboardName = LaunchScreen;
				INFOPLIST_KEY_UIMainStoryboardFile = Main;
				INFOPLIST_KEY_UIStatusBarHidden = YES;
				INFOPLIST_KEY_UISupportedInterfaceOrientations_iPad = "UIInterfaceOrientationPortrait UIInterfaceOrientationPortraitUpsideDown UIInterfaceOrientationLandscapeLeft UIInterfaceOrientationLandscapeRight";
				INFOPLIST_KEY_UISupportedInterfaceOrientations_iPhone = "UIInterfaceOrientationPortrait UIInterfaceOrientationLandscapeLeft UIInterfaceOrientationLandscapeRight";
				IPHONEOS_DEPLOYMENT_TARGET = 13.0;
				LD_RUNPATH_SEARCH_PATHS = (
					"$(inherited)",
					"@executable_path/Frameworks",
				);
				MARKETING_VERSION = 0.1.0;
				PRODUCT_BUNDLE_IDENTIFIER = com.vcoutasso.OneMorePlanet;
				PRODUCT_NAME = "One More Planet";
				SWIFT_EMIT_LOC_STRINGS = YES;
				SWIFT_VERSION = 5.0;
				TARGETED_DEVICE_FAMILY = 1;
			};
			name = Debug;
		};
		4C7D6BA227A3778A0016C962 /* Release */ = {
			isa = XCBuildConfiguration;
			baseConfigurationReference = 491CF5EF4A2B847A3A0D6BD4 /* Pods-OneMorePlanet.release.xcconfig */;
			buildSettings = {
				ASSETCATALOG_COMPILER_APPICON_NAME = AppIcon;
				ASSETCATALOG_COMPILER_GLOBAL_ACCENT_COLOR_NAME = AccentColor;
				CODE_SIGN_STYLE = Automatic;
				CURRENT_PROJECT_VERSION = 1;
				DEVELOPMENT_TEAM = H7BM7N56V5;
				GENERATE_INFOPLIST_FILE = YES;
				INFOPLIST_FILE = OneMorePlanet/Info.plist;
				INFOPLIST_KEY_UIApplicationSupportsIndirectInputEvents = YES;
				INFOPLIST_KEY_UILaunchStoryboardName = LaunchScreen;
				INFOPLIST_KEY_UIMainStoryboardFile = Main;
				INFOPLIST_KEY_UIStatusBarHidden = YES;
				INFOPLIST_KEY_UISupportedInterfaceOrientations_iPad = "UIInterfaceOrientationPortrait UIInterfaceOrientationPortraitUpsideDown UIInterfaceOrientationLandscapeLeft UIInterfaceOrientationLandscapeRight";
				INFOPLIST_KEY_UISupportedInterfaceOrientations_iPhone = "UIInterfaceOrientationPortrait UIInterfaceOrientationLandscapeLeft UIInterfaceOrientationLandscapeRight";
				IPHONEOS_DEPLOYMENT_TARGET = 13.0;
				LD_RUNPATH_SEARCH_PATHS = (
					"$(inherited)",
					"@executable_path/Frameworks",
				);
				MARKETING_VERSION = 0.1.0;
				PRODUCT_BUNDLE_IDENTIFIER = com.vcoutasso.OneMorePlanet;
				PRODUCT_NAME = "One More Planet";
				SWIFT_EMIT_LOC_STRINGS = YES;
				SWIFT_VERSION = 5.0;
				TARGETED_DEVICE_FAMILY = 1;
			};
			name = Release;
		};
/* End XCBuildConfiguration section */

/* Begin XCConfigurationList section */
		4C7D6B8427A377880016C962 /* Build configuration list for PBXProject "OneMorePlanet" */ = {
			isa = XCConfigurationList;
			buildConfigurations = (
				4C7D6B9E27A3778A0016C962 /* Debug */,
				4C7D6B9F27A3778A0016C962 /* Release */,
			);
			defaultConfigurationIsVisible = 0;
			defaultConfigurationName = Release;
		};
		4C7D6BA027A3778A0016C962 /* Build configuration list for PBXNativeTarget "OneMorePlanet" */ = {
			isa = XCConfigurationList;
			buildConfigurations = (
				4C7D6BA127A3778A0016C962 /* Debug */,
				4C7D6BA227A3778A0016C962 /* Release */,
			);
			defaultConfigurationIsVisible = 0;
			defaultConfigurationName = Release;
		};
/* End XCConfigurationList section */
	};
	rootObject = 4C7D6B8127A377880016C962 /* Project object */;
}
